{
  "name": "electrozon-parser",
  "version": "1.0.0",
  "lockfileVersion": 1,
  "requires": true,
  "dependencies": {
    "@fortawesome/fontawesome-free": {
      "version": "5.6.3",
      "resolved": "https://registry.npmjs.org/@fortawesome/fontawesome-free/-/fontawesome-free-5.6.3.tgz",
      "integrity": "sha512-s5PLdI9NYgjBvfrv6rhirPHlAHWx+Sfo/IjsAeiXYfmemC/GSjwsyz1wLnGPazbLPXWfk62ks980o9AmsxYUEQ=="
    },
    "@kanety/jquery-simple-tree-table": {
      "version": "0.2.0",
      "resolved": "https://registry.npmjs.org/@kanety/jquery-simple-tree-table/-/jquery-simple-tree-table-0.2.0.tgz",
      "integrity": "sha512-9N84p6850YesNNqDdo1ZCoTkMteGNq3D4nmYvNsB+52KnJjQRqjWrd203GfZDb2DHE7WDVUClltr23pbeWxgmg==",
      "requires": {
        "jquery": "^3.3.1"
      }
    },
    "bootstrap": {
      "version": "3.4.0",
      "resolved": "https://registry.npmjs.org/bootstrap/-/bootstrap-3.4.0.tgz",
      "integrity": "sha512-F1yTDO9OHKH0xjl03DsOe8Nu1OWBIeAugGMhy3UTIYDdbbIPesQIhCEbj+HEr6wqlwweGAlP8F3OBC6kEuhFuw=="
    },
    "drag-event-service": {
      "version": "0.0.6",
      "resolved": "https://registry.npmjs.org/drag-event-service/-/drag-event-service-0.0.6.tgz",
      "integrity": "sha512-ScjnHbcMvO0abUKRc5JJKa5eqWUJ+eGaoti8RRnAG++NK3oCIMfSpLs0smcugf/DBNbD9QornGmwFIvcugHEzw==",
      "requires": {
        "helper-js": "^1.2.0"
      }
    },
    "draggable-helper": {
      "version": "1.0.17",
      "resolved": "https://registry.npmjs.org/draggable-helper/-/draggable-helper-1.0.17.tgz",
      "integrity": "sha512-nAP0UlSAax87zeZMMQrjA4hmYOR1k3TI80vm/r8O16QYe2Vcrd8ok4lYXFkXMG/vYqIOnGlGT4GLayEfv6XHTQ==",
      "requires": {
        "drag-event-service": "0.0.6",
        "helper-js": "^1.2.0"
      }
    },
    "gijgo": {
      "version": "1.9.11",
      "resolved": "https://registry.npmjs.org/gijgo/-/gijgo-1.9.11.tgz",
      "integrity": "sha512-lLPSJ1bF80+qVubtZSumPLoWNAE/uk2qngaLwwZ9qgo6LtTOKPZOaCGPACvGBrAy1oKIlsDmOrUr0fA3DtcckA==",
      "requires": {
        "jquery": "^3.2.1"
      }
    },
    "helper-js": {
      "version": "1.2.2",
      "resolved": "https://registry.npmjs.org/helper-js/-/helper-js-1.2.2.tgz",
      "integrity": "sha512-m+04Dm8X62yRXjKb02Pp3Pp2vkA3Mwmpl8JU9Db94PO6/ZQcdTAdtC/xLZcaQia1IpJdT+WVJqaOxt5EYAOGEg=="
    },
    "jquery": {
      "version": "3.4.1",
      "resolved": "https://registry.npmjs.org/jquery/-/jquery-3.4.1.tgz",
      "integrity": "sha512-36+AdBzCL+y6qjw5Tx7HgzeGCzC81MDDgaUP8ld2zhx58HdqXGoBd+tHdrBMiyjGQs0Hxs/MLZTu/eHNJJuWPw=="
    },
    "jquery-treetable": {
      "version": "3.2.0-1",
      "resolved": "https://registry.npmjs.org/jquery-treetable/-/jquery-treetable-3.2.0-1.tgz",
      "integrity": "sha1-KoRPWTlvdk9xdHpQh+5VXTYKrtc=",
      "requires": {
        "jquery": ">=1.6"
      }
    },
    "patternfly-bootstrap-treeview": {
      "version": "2.1.8",
      "resolved": "https://registry.npmjs.org/patternfly-bootstrap-treeview/-/patternfly-bootstrap-treeview-2.1.8.tgz",
      "integrity": "sha512-Z3v+zJ0AEhMiySyj7qgUs4yGM8afJwjUUWgwSosWI9xpMsyJV+B+I+GzgRoGiukzh14EOl3EiX4qqMBC+nwqXQ==",
      "requires": {
        "bootstrap": "3.4.x",
        "jquery": ">= 2.1.x"
      }
    },
    "tree-helper": {
      "version": "1.0.5",
      "resolved": "https://registry.npmjs.org/tree-helper/-/tree-helper-1.0.5.tgz",
      "integrity": "sha512-R7L2QXJqW34aBT6ojMnDSp4+DnGrP62YVAVZnXNCRFCEGuPct+18/CaxUFRAl9nsyw7qVu8odhShSSc++1QBPg==",
      "requires": {
        "helper-js": "^1.0.47"
      }
    },
    "vue": {
      "version": "2.5.21",
      "resolved": "https://registry.npmjs.org/vue/-/vue-2.5.21.tgz",
      "integrity": "sha512-Aejvyyfhn0zjVeLvXd70h4hrE4zZDx1wfZqia6ekkobLmUZ+vNFQer53B4fu0EjWBSiqApxPejzkO1Znt3joxQ=="
    },
    "vue-ads-pagination": {
      "version": "2.0.5",
      "resolved": "https://registry.npmjs.org/vue-ads-pagination/-/vue-ads-pagination-2.0.5.tgz",
      "integrity": "sha512-NXE4T7+ixDPYnN8cMTg568DXxYD4pIw+IU78G57bWcKuk8aWpws8wSUQe2C3eOee0/K6k0zrvD/QbW+3fij3vQ==",
      "requires": {
        "@fortawesome/fontawesome-free": "^5.5.0",
        "vue": "^2.5.17"
      }
    },
    "vue-ads-table-tree": {
      "version": "1.2.5",
      "resolved": "https://registry.npmjs.org/vue-ads-table-tree/-/vue-ads-table-tree-1.2.5.tgz",
      "integrity": "sha512-2j1+e4/KuuJwgKF7pPx1QNy/2zplyWmEZC4hLpA+1R7E+ewqevn1JIRxJth+kj2ek0C2Tjvoa8ueXWT3xV+P9g==",
      "requires": {
        "@fortawesome/fontawesome-free": "^5.5.0",
        "vue": "^2.5.17",
        "vue-ads-pagination": "^2.0.5"
      }
    },
    "vue-draggable-nested-tree": {
      "version": "2.2.2",
      "resolved": "https://registry.npmjs.org/vue-draggable-nested-tree/-/vue-draggable-nested-tree-2.2.2.tgz",
      "integrity": "sha512-PEjNZ/0BvMpt+D28texvd8L3dapBPbh5HIxxUYFCbQTO8SD3MWhvSMIv5XzJxxtfiwieVRufIBL/TiFhEorqhg==",
      "requires": {
        "draggable-helper": "^1.0.17",
        "helper-js": "^1.2.0",
        "tree-helper": "^1.0.5"
      }
    },
    "vue-table-with-tree-grid": {
      "version": "0.2.4",
      "resolved": "https://registry.npmjs.org/vue-table-with-tree-grid/-/vue-table-with-tree-grid-0.2.4.tgz",
      "integrity": "sha512-V9+wckhA8u1K6RBu7m7bjUEyRrjFFnGVaRghEjzn/fIQJc2VRxVbq8qFXIRlTTC7XUQwbiEK0Xlp4zOXP5W0Gg==",
      "requires": {
        "vue": "^2.4.3"
      }
    }
  }
}
