{
  "name": "electrozon-parser",
  "version": "1.0.0",
  "lockfileVersion": 1,
  "requires": true,
  "dependencies": {
    "@kanety/jquery-simple-tree-table": {
      "version": "0.2.0",
      "resolved": "https://registry.npmjs.org/@kanety/jquery-simple-tree-table/-/jquery-simple-tree-table-0.2.0.tgz",
      "integrity": "sha512-9N84p6850YesNNqDdo1ZCoTkMteGNq3D4nmYvNsB+52KnJjQRqjWrd203GfZDb2DHE7WDVUClltr23pbeWxgmg==",
      "requires": {
        "jquery": "^3.3.1"
      }
    },
    "bootstrap": {
      "version": "3.4.0",
      "resolved": "https://registry.npmjs.org/bootstrap/-/bootstrap-3.4.0.tgz",
      "integrity": "sha512-F1yTDO9OHKH0xjl03DsOe8Nu1OWBIeAugGMhy3UTIYDdbbIPesQIhCEbj+HEr6wqlwweGAlP8F3OBC6kEuhFuw=="
    },
    "gijgo": {
      "version": "1.9.11",
      "resolved": "https://registry.npmjs.org/gijgo/-/gijgo-1.9.11.tgz",
      "integrity": "sha512-lLPSJ1bF80+qVubtZSumPLoWNAE/uk2qngaLwwZ9qgo6LtTOKPZOaCGPACvGBrAy1oKIlsDmOrUr0fA3DtcckA==",
      "requires": {
        "jquery": "^3.2.1"
      }
    },
    "jquery": {
      "version": "3.3.1",
      "resolved": "https://registry.npmjs.org/jquery/-/jquery-3.3.1.tgz",
      "integrity": "sha512-Ubldcmxp5np52/ENotGxlLe6aGMvmF4R8S6tZjsP6Knsaxd/xp3Zrh50cG93lR6nPXyUFwzN3ZSOQI0wRJNdGg=="
    },
    "jquery-treetable": {
      "version": "3.2.0-1",
      "resolved": "https://registry.npmjs.org/jquery-treetable/-/jquery-treetable-3.2.0-1.tgz",
      "integrity": "sha1-KoRPWTlvdk9xdHpQh+5VXTYKrtc=",
      "requires": {
        "jquery": ">=1.6"
      }
    },
    "patternfly-bootstrap-treeview": {
      "version": "2.1.8",
      "resolved": "https://registry.npmjs.org/patternfly-bootstrap-treeview/-/patternfly-bootstrap-treeview-2.1.8.tgz",
      "integrity": "sha512-Z3v+zJ0AEhMiySyj7qgUs4yGM8afJwjUUWgwSosWI9xpMsyJV+B+I+GzgRoGiukzh14EOl3EiX4qqMBC+nwqXQ==",
      "requires": {
        "bootstrap": "3.4.x",
        "jquery": ">= 2.1.x"
      }
    }
  }
}
